
Microsoft Visual Studio Solution File, Format Version 12.00
# Visual Studio Version 17
VisualStudioVersion = 17.14.36221.1
MinimumVisualStudioVersion = 10.0.40219.1
Project("{FAE04EC0-301F-11D3-BF4B-00C04F79EFBC}") = "DataDictionaryProcessor", "DataDictionaryProcessor.csproj", "{9CE156CE-14FB-4C78-85F1-EF26B3C3E7D5}"
EndProject
Project("{2150E333-8FDC-42A3-9474-1A3956D46DE8}") = "docs", "docs", "{02EA681E-C7D8-13C7-8484-4AC65E1B71E8}"
	ProjectSection(SolutionItems) = preProject
		..\docs\attribute-metadata-relationship-plan.md = ..\docs\attribute-metadata-relationship-plan.md
		..\docs\dataingestor-architecture-review.md = ..\docs\dataingestor-architecture-review.md
		..\docs\dataingestor-refactoring-examples.md = ..\docs\dataingestor-refactoring-examples.md
		..\docs\dataingestor-review-summary.md = ..\docs\dataingestor-review-summary.md
		..\docs\dataverse-attribute-relationship-explained.md = ..\docs\dataverse-attribute-relationship-explained.md
		..\docs\developer-guide.md = ..\docs\developer-guide.md
		..\docs\issue-22-resolution-summary.md = ..\docs\issue-22-resolution-summary.md
		..\docs\model-relationships.md = ..\docs\model-relationships.md
		..\README.md = ..\README.md
	EndProjectSection
EndProject
Project("{2150E333-8FDC-42A3-9474-1A3956D46DE8}") = "Solution Items", "Solution Items", "{8EC462FD-D22E-90A8-E5CE-7E832BA40C5D}"
	ProjectSection(SolutionItems) = preProject
		..\..\..\..\..\Downloads\DataDictionary_1_0_0_0.zip = ..\..\..\..\..\Downloads\DataDictionary_1_0_0_0.zip
		..\..\..\..\..\Downloads\DataDictionary_1_0_0_0_managed.zip = ..\..\..\..\..\Downloads\DataDictionary_1_0_0_0_managed.zip
		..\README.md = ..\README.md
	EndProjectSection
EndProject
Global
	GlobalSection(SolutionConfigurationPlatforms) = preSolution
		Debug|Any CPU = Debug|Any CPU
		Release|Any CPU = Release|Any CPU
	EndGlobalSection
	GlobalSection(ProjectConfigurationPlatforms) = postSolution
		{9CE156CE-14FB-4C78-85F1-EF26B3C3E7D5}.Debug|Any CPU.ActiveCfg = Debug|Any CPU
		{9CE156CE-14FB-4C78-85F1-EF26B3C3E7D5}.Debug|Any CPU.Build.0 = Debug|Any CPU
		{9CE156CE-14FB-4C78-85F1-EF26B3C3E7D5}.Release|Any CPU.ActiveCfg = Release|Any CPU
		{9CE156CE-14FB-4C78-85F1-EF26B3C3E7D5}.Release|Any CPU.Build.0 = Release|Any CPU
	EndGlobalSection
	GlobalSection(SolutionProperties) = preSolution
		HideSolutionNode = FALSE
	EndGlobalSection
	GlobalSection(ExtensibilityGlobals) = postSolution
		SolutionGuid = {4EC20760-B662-4F92-9839-63BC849D63BD}
	EndGlobalSection
EndGlobal
